// !$*UTF8*$!
{
	archiveVersion = 1;
	classes = {
	};
	objectVersion = 50;
	objects = {

/* Begin PBXBuildFile section */
		047E14F326E3E2330076EE24 /* Recipe_List_ProjectApp.swift in Sources */ = {isa = PBXBuildFile; fileRef = 047E14F226E3E2330076EE24 /* Recipe_List_ProjectApp.swift */; };
		047E14F526E3E2330076EE24 /* RecipeListView.swift in Sources */ = {isa = PBXBuildFile; fileRef = 047E14F426E3E2330076EE24 /* RecipeListView.swift */; };
		047E14F726E3E2550076EE24 /* Assets.xcassets in Resources */ = {isa = PBXBuildFile; fileRef = 047E14F626E3E2550076EE24 /* Assets.xcassets */; };
		047E14FA26E3E2550076EE24 /* Preview Assets.xcassets in Resources */ = {isa = PBXBuildFile; fileRef = 047E14F926E3E2550076EE24 /* Preview Assets.xcassets */; };
		047E150726E3E4250076EE24 /* recipes.json in Resources */ = {isa = PBXBuildFile; fileRef = 047E150626E3E4250076EE24 /* recipes.json */; };
		047E150A26E3EB130076EE24 /* Recipe.swift in Sources */ = {isa = PBXBuildFile; fileRef = 047E150926E3EB130076EE24 /* Recipe.swift */; };
		047E150C26E3F9180076EE24 /* RecipeModel.swift in Sources */ = {isa = PBXBuildFile; fileRef = 047E150B26E3F9180076EE24 /* RecipeModel.swift */; };
		047E150E26E3FA4B0076EE24 /* DataService.swift in Sources */ = {isa = PBXBuildFile; fileRef = 047E150D26E3FA4B0076EE24 /* DataService.swift */; };
		047E151026E544CF0076EE24 /* RecipeDetailView.swift in Sources */ = {isa = PBXBuildFile; fileRef = 047E150F26E544CF0076EE24 /* RecipeDetailView.swift */; };
		04B3D72426FD03540077E3BA /* Rational.swift in Sources */ = {isa = PBXBuildFile; fileRef = 04B3D72326FD03540077E3BA /* Rational.swift */; };
		04E42D9726F50E4C00E66E81 /* RecipeTabView.swift in Sources */ = {isa = PBXBuildFile; fileRef = 04E42D9626F50E4B00E66E81 /* RecipeTabView.swift */; };
		04E42DB426F5743C00E66E81 /* RecipeFeaturedView.swift in Sources */ = {isa = PBXBuildFile; fileRef = 04E42DB326F5743C00E66E81 /* RecipeFeaturedView.swift */; };
/* End PBXBuildFile section */

/* Begin PBXFileReference section */
		047E14EF26E3E2320076EE24 /* Recipe List Project.app */ = {isa = PBXFileReference; explicitFileType = wrapper.application; includeInIndex = 0; path = "Recipe List Project.app"; sourceTree = BUILT_PRODUCTS_DIR; };
		047E14F226E3E2330076EE24 /* Recipe_List_ProjectApp.swift */ = {isa = PBXFileReference; lastKnownFileType = sourcecode.swift; path = Recipe_List_ProjectApp.swift; sourceTree = "<group>"; };
		047E14F426E3E2330076EE24 /* RecipeListView.swift */ = {isa = PBXFileReference; lastKnownFileType = sourcecode.swift; path = RecipeListView.swift; sourceTree = "<group>"; };
		047E14F626E3E2550076EE24 /* Assets.xcassets */ = {isa = PBXFileReference; lastKnownFileType = folder.assetcatalog; path = Assets.xcassets; sourceTree = "<group>"; };
		047E14F926E3E2550076EE24 /* Preview Assets.xcassets */ = {isa = PBXFileReference; lastKnownFileType = folder.assetcatalog; path = "Preview Assets.xcassets"; sourceTree = "<group>"; };
		047E14FB26E3E2550076EE24 /* Info.plist */ = {isa = PBXFileReference; lastKnownFileType = text.plist.xml; path = Info.plist; sourceTree = "<group>"; };
		047E150626E3E4250076EE24 /* recipes.json */ = {isa = PBXFileReference; fileEncoding = 4; lastKnownFileType = text.json; name = recipes.json; path = "RecipeListApp Resources/recipes.json"; sourceTree = SOURCE_ROOT; };
		047E150926E3EB130076EE24 /* Recipe.swift */ = {isa = PBXFileReference; lastKnownFileType = sourcecode.swift; path = Recipe.swift; sourceTree = "<group>"; };
		047E150B26E3F9180076EE24 /* RecipeModel.swift */ = {isa = PBXFileReference; lastKnownFileType = sourcecode.swift; path = RecipeModel.swift; sourceTree = "<group>"; };
		047E150D26E3FA4B0076EE24 /* DataService.swift */ = {isa = PBXFileReference; lastKnownFileType = sourcecode.swift; path = DataService.swift; sourceTree = "<group>"; };
		047E150F26E544CF0076EE24 /* RecipeDetailView.swift */ = {isa = PBXFileReference; lastKnownFileType = sourcecode.swift; path = RecipeDetailView.swift; sourceTree = "<group>"; };
		04B3D72326FD03540077E3BA /* Rational.swift */ = {isa = PBXFileReference; fileEncoding = 4; lastKnownFileType = sourcecode.swift; path = Rational.swift; sourceTree = "<group>"; };
		04E42D9626F50E4B00E66E81 /* RecipeTabView.swift */ = {isa = PBXFileReference; lastKnownFileType = sourcecode.swift; path = RecipeTabView.swift; sourceTree = "<group>"; };
		04E42DB326F5743C00E66E81 /* RecipeFeaturedView.swift */ = {isa = PBXFileReference; lastKnownFileType = sourcecode.swift; path = RecipeFeaturedView.swift; sourceTree = "<group>"; };
/* End PBXFileReference section */

/* Begin PBXFrameworksBuildPhase section */
		047E14EC26E3E2320076EE24 /* Frameworks */ = {
			isa = PBXFrameworksBuildPhase;
			buildActionMask = 2147483647;
			files = (
			);
			runOnlyForDeploymentPostprocessing = 0;
		};
/* End PBXFrameworksBuildPhase section */

/* Begin PBXGroup section */
		047E14E626E3E2320076EE24 = {
			isa = PBXGroup;
			children = (
				047E14F126E3E2320076EE24 /* Recipe List Project */,
				047E14F026E3E2320076EE24 /* Products */,
			);
			sourceTree = "<group>";
		};
		047E14F026E3E2320076EE24 /* Products */ = {
			isa = PBXGroup;
			children = (
				047E14EF26E3E2320076EE24 /* Recipe List Project.app */,
			);
			name = Products;
			sourceTree = "<group>";
		};
		047E14F126E3E2320076EE24 /* Recipe List Project */ = {
			isa = PBXGroup;
			children = (
				04B3D72226FD03280077E3BA /* Utility */,
				047E14F226E3E2330076EE24 /* Recipe_List_ProjectApp.swift */,
				047E150526E3E2F20076EE24 /* Models */,
				047E150326E3E2DF0076EE24 /* Views */,
				047E150426E3E2E70076EE24 /* ViewModels */,
				047E150226E3E2D40076EE24 /* Services */,
				047E150126E3E2C80076EE24 /* Data */,
				047E14F626E3E2550076EE24 /* Assets.xcassets */,
				047E14FB26E3E2550076EE24 /* Info.plist */,
				047E14F826E3E2550076EE24 /* Preview Content */,
			);
			path = "Recipe List Project";
			sourceTree = "<group>";
		};
		047E14F826E3E2550076EE24 /* Preview Content */ = {
			isa = PBXGroup;
			children = (
				047E14F926E3E2550076EE24 /* Preview Assets.xcassets */,
			);
			path = "Preview Content";
			sourceTree = "<group>";
		};
		047E150126E3E2C80076EE24 /* Data */ = {
			isa = PBXGroup;
			children = (
				047E150626E3E4250076EE24 /* recipes.json */,
			);
			path = Data;
			sourceTree = "<group>";
		};
		047E150226E3E2D40076EE24 /* Services */ = {
			isa = PBXGroup;
			children = (
				047E150D26E3FA4B0076EE24 /* DataService.swift */,
			);
			path = Services;
			sourceTree = "<group>";
		};
		047E150326E3E2DF0076EE24 /* Views */ = {
			isa = PBXGroup;
			children = (
				04E42D9626F50E4B00E66E81 /* RecipeTabView.swift */,
				04E42DB326F5743C00E66E81 /* RecipeFeaturedView.swift */,
				047E14F426E3E2330076EE24 /* RecipeListView.swift */,
				047E150F26E544CF0076EE24 /* RecipeDetailView.swift */,
			);
			path = Views;
			sourceTree = "<group>";
		};
		047E150426E3E2E70076EE24 /* ViewModels */ = {
			isa = PBXGroup;
			children = (
				047E150B26E3F9180076EE24 /* RecipeModel.swift */,
			);
			path = ViewModels;
			sourceTree = "<group>";
		};
		047E150526E3E2F20076EE24 /* Models */ = {
			isa = PBXGroup;
			children = (
				047E150926E3EB130076EE24 /* Recipe.swift */,
			);
			path = Models;
			sourceTree = "<group>";
		};
		04B3D72226FD03280077E3BA /* Utility */ = {
			isa = PBXGroup;
			children = (
				04B3D72326FD03540077E3BA /* Rational.swift */,
			);
			path = Utility;
			sourceTree = "<group>";
		};
/* End PBXGroup section */

/* Begin PBXNativeTarget section */
		047E14EE26E3E2320076EE24 /* Recipe List Project */ = {
			isa = PBXNativeTarget;
			buildConfigurationList = 047E14FE26E3E2550076EE24 /* Build configuration list for PBXNativeTarget "Recipe List Project" */;
			buildPhases = (
				047E14EB26E3E2320076EE24 /* Sources */,
				047E14EC26E3E2320076EE24 /* Frameworks */,
				047E14ED26E3E2320076EE24 /* Resources */,
			);
			buildRules = (
			);
			dependencies = (
			);
			name = "Recipe List Project";
			productName = "Recipe List Project";
			productReference = 047E14EF26E3E2320076EE24 /* Recipe List Project.app */;
			productType = "com.apple.product-type.application";
		};
/* End PBXNativeTarget section */

/* Begin PBXProject section */
		047E14E726E3E2320076EE24 /* Project object */ = {
			isa = PBXProject;
			attributes = {
				LastSwiftUpdateCheck = 1250;
				LastUpgradeCheck = 1250;
				TargetAttributes = {
					047E14EE26E3E2320076EE24 = {
						CreatedOnToolsVersion = 12.5.1;
					};
				};
			};
			buildConfigurationList = 047E14EA26E3E2320076EE24 /* Build configuration list for PBXProject "Recipe List Project" */;
			compatibilityVersion = "Xcode 9.3";
			developmentRegion = en;
			hasScannedForEncodings = 0;
			knownRegions = (
				en,
				Base,
			);
			mainGroup = 047E14E626E3E2320076EE24;
			productRefGroup = 047E14F026E3E2320076EE24 /* Products */;
			projectDirPath = "";
			projectRoot = "";
			targets = (
				047E14EE26E3E2320076EE24 /* Recipe List Project */,
			);
		};
/* End PBXProject section */

/* Begin PBXResourcesBuildPhase section */
		047E14ED26E3E2320076EE24 /* Resources */ = {
			isa = PBXResourcesBuildPhase;
			buildActionMask = 2147483647;
			files = (
				047E14FA26E3E2550076EE24 /* Preview Assets.xcassets in Resources */,
				047E150726E3E4250076EE24 /* recipes.json in Resources */,
				047E14F726E3E2550076EE24 /* Assets.xcassets in Resources */,
			);
			runOnlyForDeploymentPostprocessing = 0;
		};
/* End PBXResourcesBuildPhase section */

/* Begin PBXSourcesBuildPhase section */
		047E14EB26E3E2320076EE24 /* Sources */ = {
			isa = PBXSourcesBuildPhase;
			buildActionMask = 2147483647;
			files = (
				047E150A26E3EB130076EE24 /* Recipe.swift in Sources */,
				047E151026E544CF0076EE24 /* RecipeDetailView.swift in Sources */,
				04B3D72426FD03540077E3BA /* Rational.swift in Sources */,
				047E150C26E3F9180076EE24 /* RecipeModel.swift in Sources */,
				047E14F526E3E2330076EE24 /* RecipeListView.swift in Sources */,
				047E14F326E3E2330076EE24 /* Recipe_List_ProjectApp.swift in Sources */,
				047E150E26E3FA4B0076EE24 /* DataService.swift in Sources */,
				04E42DB426F5743C00E66E81 /* RecipeFeaturedView.swift in Sources */,
				04E42D9726F50E4C00E66E81 /* RecipeTabView.swift in Sources */,
			);
			runOnlyForDeploymentPostprocessing = 0;
		};
/* End PBXSourcesBuildPhase section */

/* Begin XCBuildConfiguration section */
		047E14FC26E3E2550076EE24 /* Debug */ = {
			isa = XCBuildConfiguration;
			buildSettings = {
				ALWAYS_SEARCH_USER_PATHS = NO;
				CLANG_ANALYZER_NONNULL = YES;
				CLANG_ANALYZER_NUMBER_OBJECT_CONVERSION = YES_AGGRESSIVE;
				CLANG_CXX_LANGUAGE_STANDARD = "gnu++14";
				CLANG_CXX_LIBRARY = "libc++";
				CLANG_ENABLE_MODULES = YES;
				CLANG_ENABLE_OBJC_ARC = YES;
				CLANG_ENABLE_OBJC_WEAK = YES;
				CLANG_WARN_BLOCK_CAPTURE_AUTORELEASING = YES;
				CLANG_WARN_BOOL_CONVERSION = YES;
				CLANG_WARN_COMMA = YES;
				CLANG_WARN_CONSTANT_CONVERSION = YES;
				CLANG_WARN_DEPRECATED_OBJC_IMPLEMENTATIONS = YES;
				CLANG_WARN_DIRECT_OBJC_ISA_USAGE = YES_ERROR;
				CLANG_WARN_DOCUMENTATION_COMMENTS = YES;
				CLANG_WARN_EMPTY_BODY = YES;
				CLANG_WARN_ENUM_CONVERSION = YES;
				CLANG_WARN_INFINITE_RECURSION = YES;
				CLANG_WARN_INT_CONVERSION = YES;
				CLANG_WARN_NON_LITERAL_NULL_CONVERSION = YES;
				CLANG_WARN_OBJC_IMPLICIT_RETAIN_SELF = YES;
				CLANG_WARN_OBJC_LITERAL_CONVERSION = YES;
				CLANG_WARN_OBJC_ROOT_CLASS = YES_ERROR;
				CLANG_WARN_QUOTED_INCLUDE_IN_FRAMEWORK_HEADER = YES;
				CLANG_WARN_RANGE_LOOP_ANALYSIS = YES;
				CLANG_WARN_STRICT_PROTOTYPES = YES;
				CLANG_WARN_SUSPICIOUS_MOVE = YES;
				CLANG_WARN_UNGUARDED_AVAILABILITY = YES_AGGRESSIVE;
				CLANG_WARN_UNREACHABLE_CODE = YES;
				CLANG_WARN__DUPLICATE_METHOD_MATCH = YES;
				COPY_PHASE_STRIP = NO;
				DEBUG_INFORMATION_FORMAT = dwarf;
				ENABLE_STRICT_OBJC_MSGSEND = YES;
				ENABLE_TESTABILITY = YES;
				GCC_C_LANGUAGE_STANDARD = gnu11;
				GCC_DYNAMIC_NO_PIC = NO;
				GCC_NO_COMMON_BLOCKS = YES;
				GCC_OPTIMIZATION_LEVEL = 0;
				GCC_PREPROCESSOR_DEFINITIONS = (
					"DEBUG=1",
					"$(inherited)",
				);
				GCC_WARN_64_TO_32_BIT_CONVERSION = YES;
				GCC_WARN_ABOUT_RETURN_TYPE = YES_ERROR;
				GCC_WARN_UNDECLARED_SELECTOR = YES;
				GCC_WARN_UNINITIALIZED_AUTOS = YES_AGGRESSIVE;
				GCC_WARN_UNUSED_FUNCTION = YES;
				GCC_WARN_UNUSED_VARIABLE = YES;
				IPHONEOS_DEPLOYMENT_TARGET = 14.5;
				MTL_ENABLE_DEBUG_INFO = INCLUDE_SOURCE;
				MTL_FAST_MATH = YES;
				ONLY_ACTIVE_ARCH = YES;
				SDKROOT = iphoneos;
				SWIFT_ACTIVE_COMPILATION_CONDITIONS = DEBUG;
				SWIFT_OPTIMIZATION_LEVEL = "-Onone";
			};
			name = Debug;
		};
		047E14FD26E3E2550076EE24 /* Release */ = {
			isa = XCBuildConfiguration;
			buildSettings = {
				ALWAYS_SEARCH_USER_PATHS = NO;
				CLANG_ANALYZER_NONNULL = YES;
				CLANG_ANALYZER_NUMBER_OBJECT_CONVERSION = YES_AGGRESSIVE;
				CLANG_CXX_LANGUAGE_STANDARD = "gnu++14";
				CLANG_CXX_LIBRARY = "libc++";
				CLANG_ENABLE_MODULES = YES;
				CLANG_ENABLE_OBJC_ARC = YES;
				CLANG_ENABLE_OBJC_WEAK = YES;
				CLANG_WARN_BLOCK_CAPTURE_AUTORELEASING = YES;
				CLANG_WARN_BOOL_CONVERSION = YES;
				CLANG_WARN_COMMA = YES;
				CLANG_WARN_CONSTANT_CONVERSION = YES;
				CLANG_WARN_DEPRECATED_OBJC_IMPLEMENTATIONS = YES;
				CLANG_WARN_DIRECT_OBJC_ISA_USAGE = YES_ERROR;
				CLANG_WARN_DOCUMENTATION_COMMENTS = YES;
				CLANG_WARN_EMPTY_BODY = YES;
				CLANG_WARN_ENUM_CONVERSION = YES;
				CLANG_WARN_INFINITE_RECURSION = YES;
				CLANG_WARN_INT_CONVERSION = YES;
				CLANG_WARN_NON_LITERAL_NULL_CONVERSION = YES;
				CLANG_WARN_OBJC_IMPLICIT_RETAIN_SELF = YES;
				CLANG_WARN_OBJC_LITERAL_CONVERSION = YES;
				CLANG_WARN_OBJC_ROOT_CLASS = YES_ERROR;
				CLANG_WARN_QUOTED_INCLUDE_IN_FRAMEWORK_HEADER = YES;
				CLANG_WARN_RANGE_LOOP_ANALYSIS = YES;
				CLANG_WARN_STRICT_PROTOTYPES = YES;
				CLANG_WARN_SUSPICIOUS_MOVE = YES;
				CLANG_WARN_UNGUARDED_AVAILABILITY = YES_AGGRESSIVE;
				CLANG_WARN_UNREACHABLE_CODE = YES;
				CLANG_WARN__DUPLICATE_METHOD_MATCH = YES;
				COPY_PHASE_STRIP = NO;
				DEBUG_INFORMATION_FORMAT = "dwarf-with-dsym";
				ENABLE_NS_ASSERTIONS = NO;
				ENABLE_STRICT_OBJC_MSGSEND = YES;
				GCC_C_LANGUAGE_STANDARD = gnu11;
				GCC_NO_COMMON_BLOCKS = YES;
				GCC_WARN_64_TO_32_BIT_CONVERSION = YES;
				GCC_WARN_ABOUT_RETURN_TYPE = YES_ERROR;
				GCC_WARN_UNDECLARED_SELECTOR = YES;
				GCC_WARN_UNINITIALIZED_AUTOS = YES_AGGRESSIVE;
				GCC_WARN_UNUSED_FUNCTION = YES;
				GCC_WARN_UNUSED_VARIABLE = YES;
				IPHONEOS_DEPLOYMENT_TARGET = 14.5;
				MTL_ENABLE_DEBUG_INFO = NO;
				MTL_FAST_MATH = YES;
				SDKROOT = iphoneos;
				SWIFT_COMPILATION_MODE = wholemodule;
				SWIFT_OPTIMIZATION_LEVEL = "-O";
				VALIDATE_PRODUCT = YES;
			};
			name = Release;
		};
		047E14FF26E3E2550076EE24 /* Debug */ = {
			isa = XCBuildConfiguration;
			buildSettings = {
				ASSETCATALOG_COMPILER_APPICON_NAME = AppIcon;
				ASSETCATALOG_COMPILER_GLOBAL_ACCENT_COLOR_NAME = AccentColor;
				CODE_SIGN_STYLE = Automatic;
				DEVELOPMENT_ASSET_PATHS = "\"Recipe List Project/Preview Content\"";
				DEVELOPMENT_TEAM = WT77VV47BZ;
				ENABLE_PREVIEWS = YES;
				INFOPLIST_FILE = "Recipe List Project/Info.plist";
				IPHONEOS_DEPLOYMENT_TARGET = 14.0;
				LD_RUNPATH_SEARCH_PATHS = (
					"$(inherited)",
					"@executable_path/Frameworks",
				);
				PRODUCT_BUNDLE_IDENTIFIER = "com.tony-kara.Recipe-List-Project";
				PRODUCT_NAME = "$(TARGET_NAME)";
				SWIFT_VERSION = 5.0;
				TARGETED_DEVICE_FAMILY = "1,2";
			};
			name = Debug;
		};
		047E150026E3E2550076EE24 /* Release */ = {
			isa = XCBuildConfiguration;
			buildSettings = {
				ASSETCATALOG_COMPILER_APPICON_NAME = AppIcon;
				ASSETCATALOG_COMPILER_GLOBAL_ACCENT_COLOR_NAME = AccentColor;
				CODE_SIGN_STYLE = Automatic;
				DEVELOPMENT_ASSET_PATHS = "\"Recipe List Project/Preview Content\"";
				DEVELOPMENT_TEAM = WT77VV47BZ;
				ENABLE_PREVIEWS = YES;
				INFOPLIST_FILE = "Recipe List Project/Info.plist";
				IPHONEOS_DEPLOYMENT_TARGET = 14.0;
				LD_RUNPATH_SEARCH_PATHS = (
					"$(inherited)",
					"@executable_path/Frameworks",
				);
				PRODUCT_BUNDLE_IDENTIFIER = "com.tony-kara.Recipe-List-Project";
				PRODUCT_NAME = "$(TARGET_NAME)";
				SWIFT_VERSION = 5.0;
				TARGETED_DEVICE_FAMILY = "1,2";
			};
			name = Release;
		};
/* End XCBuildConfiguration section */

/* Begin XCConfigurationList section */
		047E14EA26E3E2320076EE24 /* Build configuration list for PBXProject "Recipe List Project" */ = {
			isa = XCConfigurationList;
			buildConfigurations = (
				047E14FC26E3E2550076EE24 /* Debug */,
				047E14FD26E3E2550076EE24 /* Release */,
			);
			defaultConfigurationIsVisible = 0;
			defaultConfigurationName = Release;
		};
		047E14FE26E3E2550076EE24 /* Build configuration list for PBXNativeTarget "Recipe List Project" */ = {
			isa = XCConfigurationList;
			buildConfigurations = (
				047E14FF26E3E2550076EE24 /* Debug */,
				047E150026E3E2550076EE24 /* Release */,
			);
			defaultConfigurationIsVisible = 0;
			defaultConfigurationName = Release;
		};
/* End XCConfigurationList section */
	};
	rootObject = 047E14E726E3E2320076EE24 /* Project object */;
}
